
Microsoft Visual Studio Solution File, Format Version 12.00
# Visual Studio Version 16
VisualStudioVersion = 16.0.31911.196
MinimumVisualStudioVersion = 10.0.40219.1
Project("{FAE04EC0-301F-11D3-BF4B-00C04F79EFBC}") = "NguyenQuangHuy_1911505310224_BaiTapLan1", "NguyenQuangHuy_1911505310224_BaiTapLan1\NguyenQuangHuy_1911505310224_BaiTapLan1.csproj", "{67F8A644-1639-4F27-887E-5739E37AA302}"
EndProject
Global
	GlobalSection(SolutionConfigurationPlatforms) = preSolution
		Debug|Any CPU = Debug|Any CPU
		Release|Any CPU = Release|Any CPU
	EndGlobalSection
	GlobalSection(ProjectConfigurationPlatforms) = postSolution
		{67F8A644-1639-4F27-887E-5739E37AA302}.Debug|Any CPU.ActiveCfg = Debug|Any CPU
		{67F8A644-1639-4F27-887E-5739E37AA302}.Debug|Any CPU.Build.0 = Debug|Any CPU
		{67F8A644-1639-4F27-887E-5739E37AA302}.Release|Any CPU.ActiveCfg = Release|Any CPU
		{67F8A644-1639-4F27-887E-5739E37AA302}.Release|Any CPU.Build.0 = Release|Any CPU
	EndGlobalSection
	GlobalSection(SolutionProperties) = preSolution
		HideSolutionNode = FALSE
	EndGlobalSection
	GlobalSection(ExtensibilityGlobals) = postSolution
		SolutionGuid = {AA671573-FB93-4AA8-8CA7-81322B0BA78C}
	EndGlobalSection
EndGlobal
