
Microsoft Visual Studio Solution File, Format Version 12.00
# Visual Studio Version 16
VisualStudioVersion = 16.0.32413.511
MinimumVisualStudioVersion = 10.0.40219.1
Project("{FAE04EC0-301F-11D3-BF4B-00C04F79EFBC}") = "Bai2", "Bai2\Bai2.csproj", "{F04DB7D5-16FB-442B-9F8C-8360DD943523}"
EndProject
Global
	GlobalSection(SolutionConfigurationPlatforms) = preSolution
		Debug|Any CPU = Debug|Any CPU
		Release|Any CPU = Release|Any CPU
	EndGlobalSection
	GlobalSection(ProjectConfigurationPlatforms) = postSolution
		{F04DB7D5-16FB-442B-9F8C-8360DD943523}.Debug|Any CPU.ActiveCfg = Debug|Any CPU
		{F04DB7D5-16FB-442B-9F8C-8360DD943523}.Debug|Any CPU.Build.0 = Debug|Any CPU
		{F04DB7D5-16FB-442B-9F8C-8360DD943523}.Release|Any CPU.ActiveCfg = Release|Any CPU
		{F04DB7D5-16FB-442B-9F8C-8360DD943523}.Release|Any CPU.Build.0 = Release|Any CPU
	EndGlobalSection
	GlobalSection(SolutionProperties) = preSolution
		HideSolutionNode = FALSE
	EndGlobalSection
	GlobalSection(ExtensibilityGlobals) = postSolution
		SolutionGuid = {F00C6DA6-3D29-4D59-8273-31CF5FB26580}
	EndGlobalSection
EndGlobal
