
Microsoft Visual Studio Solution File, Format Version 12.00
# Visual Studio Version 16
VisualStudioVersion = 16.0.31911.196
MinimumVisualStudioVersion = 10.0.40219.1
Project("{FAE04EC0-301F-11D3-BF4B-00C04F79EFBC}") = "1911505310224_NguyenQuangHuy_ThiLan1", "1911505310224_NguyenQuangHuy_ThiLan1\1911505310224_NguyenQuangHuy_ThiLan1.csproj", "{4694849B-510C-4390-A15A-D117CD35FFAA}"
EndProject
Global
	GlobalSection(SolutionConfigurationPlatforms) = preSolution
		Debug|Any CPU = Debug|Any CPU
		Release|Any CPU = Release|Any CPU
	EndGlobalSection
	GlobalSection(ProjectConfigurationPlatforms) = postSolution
		{4694849B-510C-4390-A15A-D117CD35FFAA}.Debug|Any CPU.ActiveCfg = Debug|Any CPU
		{4694849B-510C-4390-A15A-D117CD35FFAA}.Debug|Any CPU.Build.0 = Debug|Any CPU
		{4694849B-510C-4390-A15A-D117CD35FFAA}.Release|Any CPU.ActiveCfg = Release|Any CPU
		{4694849B-510C-4390-A15A-D117CD35FFAA}.Release|Any CPU.Build.0 = Release|Any CPU
	EndGlobalSection
	GlobalSection(SolutionProperties) = preSolution
		HideSolutionNode = FALSE
	EndGlobalSection
	GlobalSection(ExtensibilityGlobals) = postSolution
		SolutionGuid = {DAAD4475-194B-4B21-B23D-117BC1688A06}
	EndGlobalSection
EndGlobal
